
Microsoft Visual Studio Solution File, Format Version 12.00
# Visual Studio Version 16
VisualStudioVersion = 16.0.32002.261
MinimumVisualStudioVersion = 10.0.40219.1
Project("{8BC9CEB8-8B4A-11D0-8D11-00A0C91BC942}") = "Aufgabe 2", "Aufgabe 2\Aufgabe 2.vcxproj", "{CC4A9790-70C3-462E-85DF-AB688A2577DF}"
EndProject
Global
	GlobalSection(SolutionConfigurationPlatforms) = preSolution
		Debug|x64 = Debug|x64
		Debug|x86 = Debug|x86
		Release|x64 = Release|x64
		Release|x86 = Release|x86
	EndGlobalSection
	GlobalSection(ProjectConfigurationPlatforms) = postSolution
		{CC4A9790-70C3-462E-85DF-AB688A2577DF}.Debug|x64.ActiveCfg = Debug|x64
		{CC4A9790-70C3-462E-85DF-AB688A2577DF}.Debug|x64.Build.0 = Debug|x64
		{CC4A9790-70C3-462E-85DF-AB688A2577DF}.Debug|x86.ActiveCfg = Debug|Win32
		{CC4A9790-70C3-462E-85DF-AB688A2577DF}.Debug|x86.Build.0 = Debug|Win32
		{CC4A9790-70C3-462E-85DF-AB688A2577DF}.Release|x64.ActiveCfg = Release|x64
		{CC4A9790-70C3-462E-85DF-AB688A2577DF}.Release|x64.Build.0 = Release|x64
		{CC4A9790-70C3-462E-85DF-AB688A2577DF}.Release|x86.ActiveCfg = Release|Win32
		{CC4A9790-70C3-462E-85DF-AB688A2577DF}.Release|x86.Build.0 = Release|Win32
	EndGlobalSection
	GlobalSection(SolutionProperties) = preSolution
		HideSolutionNode = FALSE
	EndGlobalSection
	GlobalSection(ExtensibilityGlobals) = postSolution
		SolutionGuid = {92D7E6D3-6522-403A-BC1E-D4284EB6906B}
	EndGlobalSection
EndGlobal
